// !$*UTF8*$!
{
	archiveVersion = 1;
	classes = {
	};
	objectVersion = 56;
	objects = {

/* Begin PBXBuildFile section */
		862C5B862DA6EE8E00C90775 /* OurFitnessPalApp.swift in Sources */ = {isa = PBXBuildFile; fileRef = 862C5B852DA6EE8E00C90775 /* OurFitnessPalApp.swift */; };
		862C5B882DA6EE8E00C90775 /* ContentView.swift in Sources */ = {isa = PBXBuildFile; fileRef = 862C5B872DA6EE8E00C90775 /* ContentView.swift */; };
		862C5B8A2DA6EE8F00C90775 /* Assets.xcassets in Resources */ = {isa = PBXBuildFile; fileRef = 862C5B892DA6EE8F00C90775 /* Assets.xcassets */; };
		862C5B8D2DA6EE8F00C90775 /* Preview Assets.xcassets in Resources */ = {isa = PBXBuildFile; fileRef = 862C5B8C2DA6EE8F00C90775 /* Preview Assets.xcassets */; };
		865B63D42DB165B700A1D94A /* CalorieData.swift in Sources */ = {isa = PBXBuildFile; fileRef = 865B63D32DB165B700A1D94A /* CalorieData.swift */; };
		865B63D72DB165C100A1D94A /* SwiftData.framework in Frameworks */ = {isa = PBXBuildFile; fileRef = 865B63D62DB165C000A1D94A /* SwiftData.framework */; };
		865B63DB2DB16B4100A1D94A /* DietView.swift in Sources */ = {isa = PBXBuildFile; fileRef = 865B63DA2DB16B4100A1D94A /* DietView.swift */; };
		865B63DD2DB16C1D00A1D94A /* ExerciseView.swift in Sources */ = {isa = PBXBuildFile; fileRef = 865B63DC2DB16C1D00A1D94A /* ExerciseView.swift */; };
		865B63DF2DBAA48D00A1D94A /* CalorieView.swift in Sources */ = {isa = PBXBuildFile; fileRef = 865B63DE2DBAA48D00A1D94A /* CalorieView.swift */; };
/* End PBXBuildFile section */

/* Begin PBXFileReference section */
		862C5B822DA6EE8E00C90775 /* OurFitnessPal.app */ = {isa = PBXFileReference; explicitFileType = wrapper.application; includeInIndex = 0; path = OurFitnessPal.app; sourceTree = BUILT_PRODUCTS_DIR; };
		862C5B852DA6EE8E00C90775 /* OurFitnessPalApp.swift */ = {isa = PBXFileReference; lastKnownFileType = sourcecode.swift; path = OurFitnessPalApp.swift; sourceTree = "<group>"; };
		862C5B872DA6EE8E00C90775 /* ContentView.swift */ = {isa = PBXFileReference; lastKnownFileType = sourcecode.swift; path = ContentView.swift; sourceTree = "<group>"; };
		862C5B892DA6EE8F00C90775 /* Assets.xcassets */ = {isa = PBXFileReference; lastKnownFileType = folder.assetcatalog; path = Assets.xcassets; sourceTree = "<group>"; };
		862C5B8C2DA6EE8F00C90775 /* Preview Assets.xcassets */ = {isa = PBXFileReference; lastKnownFileType = folder.assetcatalog; path = "Preview Assets.xcassets"; sourceTree = "<group>"; };
		865B63D32DB165B700A1D94A /* CalorieData.swift */ = {isa = PBXFileReference; fileEncoding = 4; lastKnownFileType = sourcecode.swift; path = CalorieData.swift; sourceTree = "<group>"; };
		865B63D62DB165C000A1D94A /* SwiftData.framework */ = {isa = PBXFileReference; lastKnownFileType = wrapper.framework; name = SwiftData.framework; path = System/Library/Frameworks/SwiftData.framework; sourceTree = SDKROOT; };
		865B63DA2DB16B4100A1D94A /* DietView.swift */ = {isa = PBXFileReference; lastKnownFileType = sourcecode.swift; path = DietView.swift; sourceTree = "<group>"; };
		865B63DC2DB16C1D00A1D94A /* ExerciseView.swift */ = {isa = PBXFileReference; lastKnownFileType = sourcecode.swift; path = ExerciseView.swift; sourceTree = "<group>"; };
		865B63DE2DBAA48D00A1D94A /* CalorieView.swift */ = {isa = PBXFileReference; lastKnownFileType = sourcecode.swift; path = CalorieView.swift; sourceTree = "<group>"; };
/* End PBXFileReference section */

/* Begin PBXFrameworksBuildPhase section */
		862C5B7F2DA6EE8E00C90775 /* Frameworks */ = {
			isa = PBXFrameworksBuildPhase;
			buildActionMask = 2147483647;
			files = (
				865B63D72DB165C100A1D94A /* SwiftData.framework in Frameworks */,
			);
			runOnlyForDeploymentPostprocessing = 0;
		};
/* End PBXFrameworksBuildPhase section */

/* Begin PBXGroup section */
		862C5B792DA6EE8E00C90775 = {
			isa = PBXGroup;
			children = (
				862C5B842DA6EE8E00C90775 /* OurFitnessPal */,
				862C5B832DA6EE8E00C90775 /* Products */,
				865B63D52DB165C000A1D94A /* Frameworks */,
			);
			sourceTree = "<group>";
		};
		862C5B832DA6EE8E00C90775 /* Products */ = {
			isa = PBXGroup;
			children = (
				862C5B822DA6EE8E00C90775 /* OurFitnessPal.app */,
			);
			name = Products;
			sourceTree = "<group>";
		};
		862C5B842DA6EE8E00C90775 /* OurFitnessPal */ = {
			isa = PBXGroup;
			children = (
				865B63D32DB165B700A1D94A /* CalorieData.swift */,
				862C5B852DA6EE8E00C90775 /* OurFitnessPalApp.swift */,
				862C5B872DA6EE8E00C90775 /* ContentView.swift */,
				865B63DC2DB16C1D00A1D94A /* ExerciseView.swift */,
				865B63DA2DB16B4100A1D94A /* DietView.swift */,
				865B63DE2DBAA48D00A1D94A /* CalorieView.swift */,
				862C5B892DA6EE8F00C90775 /* Assets.xcassets */,
				862C5B8B2DA6EE8F00C90775 /* Preview Content */,
			);
			path = OurFitnessPal;
			sourceTree = "<group>";
		};
		862C5B8B2DA6EE8F00C90775 /* Preview Content */ = {
			isa = PBXGroup;
			children = (
				862C5B8C2DA6EE8F00C90775 /* Preview Assets.xcassets */,
			);
			path = "Preview Content";
			sourceTree = "<group>";
		};
		865B63D52DB165C000A1D94A /* Frameworks */ = {
			isa = PBXGroup;
			children = (
				865B63D62DB165C000A1D94A /* SwiftData.framework */,
			);
			name = Frameworks;
			sourceTree = "<group>";
		};
/* End PBXGroup section */

/* Begin PBXNativeTarget section */
		862C5B812DA6EE8E00C90775 /* OurFitnessPal */ = {
			isa = PBXNativeTarget;
			buildConfigurationList = 862C5B902DA6EE8F00C90775 /* Build configuration list for PBXNativeTarget "OurFitnessPal" */;
			buildPhases = (
				862C5B7E2DA6EE8E00C90775 /* Sources */,
				862C5B7F2DA6EE8E00C90775 /* Frameworks */,
				862C5B802DA6EE8E00C90775 /* Resources */,
			);
			buildRules = (
			);
			dependencies = (
			);
			name = OurFitnessPal;
			productName = OurFitnessPal;
			productReference = 862C5B822DA6EE8E00C90775 /* OurFitnessPal.app */;
			productType = "com.apple.product-type.application";
		};
/* End PBXNativeTarget section */

/* Begin PBXProject section */
		862C5B7A2DA6EE8E00C90775 /* Project object */ = {
			isa = PBXProject;
			attributes = {
				BuildIndependentTargetsInParallel = 1;
				LastSwiftUpdateCheck = 1540;
				LastUpgradeCheck = 1540;
				TargetAttributes = {
					862C5B812DA6EE8E00C90775 = {
						CreatedOnToolsVersion = 15.4;
					};
				};
			};
			buildConfigurationList = 862C5B7D2DA6EE8E00C90775 /* Build configuration list for PBXProject "OurFitnessPal" */;
			compatibilityVersion = "Xcode 14.0";
			developmentRegion = en;
			hasScannedForEncodings = 0;
			knownRegions = (
				en,
				Base,
			);
			mainGroup = 862C5B792DA6EE8E00C90775;
			productRefGroup = 862C5B832DA6EE8E00C90775 /* Products */;
			projectDirPath = "";
			projectRoot = "";
			targets = (
				862C5B812DA6EE8E00C90775 /* OurFitnessPal */,
			);
		};
/* End PBXProject section */

/* Begin PBXResourcesBuildPhase section */
		862C5B802DA6EE8E00C90775 /* Resources */ = {
			isa = PBXResourcesBuildPhase;
			buildActionMask = 2147483647;
			files = (
				862C5B8D2DA6EE8F00C90775 /* Preview Assets.xcassets in Resources */,
				862C5B8A2DA6EE8F00C90775 /* Assets.xcassets in Resources */,
			);
			runOnlyForDeploymentPostprocessing = 0;
		};
/* End PBXResourcesBuildPhase section */

/* Begin PBXSourcesBuildPhase section */
		862C5B7E2DA6EE8E00C90775 /* Sources */ = {
			isa = PBXSourcesBuildPhase;
			buildActionMask = 2147483647;
			files = (
				865B63DD2DB16C1D00A1D94A /* ExerciseView.swift in Sources */,
				865B63DB2DB16B4100A1D94A /* DietView.swift in Sources */,
				865B63DF2DBAA48D00A1D94A /* CalorieView.swift in Sources */,
				862C5B882DA6EE8E00C90775 /* ContentView.swift in Sources */,
				862C5B862DA6EE8E00C90775 /* OurFitnessPalApp.swift in Sources */,
				865B63D42DB165B700A1D94A /* CalorieData.swift in Sources */,
			);
			runOnlyForDeploymentPostprocessing = 0;
		};
/* End PBXSourcesBuildPhase section */

/* Begin XCBuildConfiguration section */
		862C5B8E2DA6EE8F00C90775 /* Debug */ = {
			isa = XCBuildConfiguration;
			buildSettings = {
				ALWAYS_SEARCH_USER_PATHS = NO;
				ASSETCATALOG_COMPILER_GENERATE_SWIFT_ASSET_SYMBOL_EXTENSIONS = YES;
				CLANG_ANALYZER_NONNULL = YES;
				CLANG_ANALYZER_NUMBER_OBJECT_CONVERSION = YES_AGGRESSIVE;
				CLANG_CXX_LANGUAGE_STANDARD = "gnu++20";
				CLANG_ENABLE_MODULES = YES;
				CLANG_ENABLE_OBJC_ARC = YES;
				CLANG_ENABLE_OBJC_WEAK = YES;
				CLANG_WARN_BLOCK_CAPTURE_AUTORELEASING = YES;
				CLANG_WARN_BOOL_CONVERSION = YES;
				CLANG_WARN_COMMA = YES;
				CLANG_WARN_CONSTANT_CONVERSION = YES;
				CLANG_WARN_DEPRECATED_OBJC_IMPLEMENTATIONS = YES;
				CLANG_WARN_DIRECT_OBJC_ISA_USAGE = YES_ERROR;
				CLANG_WARN_DOCUMENTATION_COMMENTS = YES;
				CLANG_WARN_EMPTY_BODY = YES;
				CLANG_WARN_ENUM_CONVERSION = YES;
				CLANG_WARN_INFINITE_RECURSION = YES;
				CLANG_WARN_INT_CONVERSION = YES;
				CLANG_WARN_NON_LITERAL_NULL_CONVERSION = YES;
				CLANG_WARN_OBJC_IMPLICIT_RETAIN_SELF = YES;
				CLANG_WARN_OBJC_LITERAL_CONVERSION = YES;
				CLANG_WARN_OBJC_ROOT_CLASS = YES_ERROR;
				CLANG_WARN_QUOTED_INCLUDE_IN_FRAMEWORK_HEADER = YES;
				CLANG_WARN_RANGE_LOOP_ANALYSIS = YES;
				CLANG_WARN_STRICT_PROTOTYPES = YES;
				CLANG_WARN_SUSPICIOUS_MOVE = YES;
				CLANG_WARN_UNGUARDED_AVAILABILITY = YES_AGGRESSIVE;
				CLANG_WARN_UNREACHABLE_CODE = YES;
				CLANG_WARN__DUPLICATE_METHOD_MATCH = YES;
				COPY_PHASE_STRIP = NO;
				DEBUG_INFORMATION_FORMAT = dwarf;
				ENABLE_STRICT_OBJC_MSGSEND = YES;
				ENABLE_TESTABILITY = YES;
				ENABLE_USER_SCRIPT_SANDBOXING = YES;
				GCC_C_LANGUAGE_STANDARD = gnu17;
				GCC_DYNAMIC_NO_PIC = NO;
				GCC_NO_COMMON_BLOCKS = YES;
				GCC_OPTIMIZATION_LEVEL = 0;
				GCC_PREPROCESSOR_DEFINITIONS = (
					"DEBUG=1",
					"$(inherited)",
				);
				GCC_WARN_64_TO_32_BIT_CONVERSION = YES;
				GCC_WARN_ABOUT_RETURN_TYPE = YES_ERROR;
				GCC_WARN_UNDECLARED_SELECTOR = YES;
				GCC_WARN_UNINITIALIZED_AUTOS = YES_AGGRESSIVE;
				GCC_WARN_UNUSED_FUNCTION = YES;
				GCC_WARN_UNUSED_VARIABLE = YES;
				IPHONEOS_DEPLOYMENT_TARGET = 17.5;
				LOCALIZATION_PREFERS_STRING_CATALOGS = YES;
				MTL_ENABLE_DEBUG_INFO = INCLUDE_SOURCE;
				MTL_FAST_MATH = YES;
				ONLY_ACTIVE_ARCH = YES;
				SDKROOT = iphoneos;
				SWIFT_ACTIVE_COMPILATION_CONDITIONS = "DEBUG $(inherited)";
				SWIFT_OPTIMIZATION_LEVEL = "-Onone";
			};
			name = Debug;
		};
		862C5B8F2DA6EE8F00C90775 /* Release */ = {
			isa = XCBuildConfiguration;
			buildSettings = {
				ALWAYS_SEARCH_USER_PATHS = NO;
				ASSETCATALOG_COMPILER_GENERATE_SWIFT_ASSET_SYMBOL_EXTENSIONS = YES;
				CLANG_ANALYZER_NONNULL = YES;
				CLANG_ANALYZER_NUMBER_OBJECT_CONVERSION = YES_AGGRESSIVE;
				CLANG_CXX_LANGUAGE_STANDARD = "gnu++20";
				CLANG_ENABLE_MODULES = YES;
				CLANG_ENABLE_OBJC_ARC = YES;
				CLANG_ENABLE_OBJC_WEAK = YES;
				CLANG_WARN_BLOCK_CAPTURE_AUTORELEASING = YES;
				CLANG_WARN_BOOL_CONVERSION = YES;
				CLANG_WARN_COMMA = YES;
				CLANG_WARN_CONSTANT_CONVERSION = YES;
				CLANG_WARN_DEPRECATED_OBJC_IMPLEMENTATIONS = YES;
				CLANG_WARN_DIRECT_OBJC_ISA_USAGE = YES_ERROR;
				CLANG_WARN_DOCUMENTATION_COMMENTS = YES;
				CLANG_WARN_EMPTY_BODY = YES;
				CLANG_WARN_ENUM_CONVERSION = YES;
				CLANG_WARN_INFINITE_RECURSION = YES;
				CLANG_WARN_INT_CONVERSION = YES;
				CLANG_WARN_NON_LITERAL_NULL_CONVERSION = YES;
				CLANG_WARN_OBJC_IMPLICIT_RETAIN_SELF = YES;
				CLANG_WARN_OBJC_LITERAL_CONVERSION = YES;
				CLANG_WARN_OBJC_ROOT_CLASS = YES_ERROR;
				CLANG_WARN_QUOTED_INCLUDE_IN_FRAMEWORK_HEADER = YES;
				CLANG_WARN_RANGE_LOOP_ANALYSIS = YES;
				CLANG_WARN_STRICT_PROTOTYPES = YES;
				CLANG_WARN_SUSPICIOUS_MOVE = YES;
				CLANG_WARN_UNGUARDED_AVAILABILITY = YES_AGGRESSIVE;
				CLANG_WARN_UNREACHABLE_CODE = YES;
				CLANG_WARN__DUPLICATE_METHOD_MATCH = YES;
				COPY_PHASE_STRIP = NO;
				DEBUG_INFORMATION_FORMAT = "dwarf-with-dsym";
				ENABLE_NS_ASSERTIONS = NO;
				ENABLE_STRICT_OBJC_MSGSEND = YES;
				ENABLE_USER_SCRIPT_SANDBOXING = YES;
				GCC_C_LANGUAGE_STANDARD = gnu17;
				GCC_NO_COMMON_BLOCKS = YES;
				GCC_WARN_64_TO_32_BIT_CONVERSION = YES;
				GCC_WARN_ABOUT_RETURN_TYPE = YES_ERROR;
				GCC_WARN_UNDECLARED_SELECTOR = YES;
				GCC_WARN_UNINITIALIZED_AUTOS = YES_AGGRESSIVE;
				GCC_WARN_UNUSED_FUNCTION = YES;
				GCC_WARN_UNUSED_VARIABLE = YES;
				IPHONEOS_DEPLOYMENT_TARGET = 17.5;
				LOCALIZATION_PREFERS_STRING_CATALOGS = YES;
				MTL_ENABLE_DEBUG_INFO = NO;
				MTL_FAST_MATH = YES;
				SDKROOT = iphoneos;
				SWIFT_COMPILATION_MODE = wholemodule;
				VALIDATE_PRODUCT = YES;
			};
			name = Release;
		};
		862C5B912DA6EE8F00C90775 /* Debug */ = {
			isa = XCBuildConfiguration;
			buildSettings = {
				ASSETCATALOG_COMPILER_APPICON_NAME = AppIcon;
				ASSETCATALOG_COMPILER_GLOBAL_ACCENT_COLOR_NAME = AccentColor;
				CODE_SIGN_STYLE = Automatic;
				CURRENT_PROJECT_VERSION = 1;
				DEVELOPMENT_ASSET_PATHS = "\"OurFitnessPal/Preview Content\"";
				DEVELOPMENT_TEAM = GN8NLUX3TV;
				ENABLE_PREVIEWS = YES;
				GENERATE_INFOPLIST_FILE = YES;
				INFOPLIST_KEY_UIApplicationSceneManifest_Generation = YES;
				INFOPLIST_KEY_UIApplicationSupportsIndirectInputEvents = YES;
				INFOPLIST_KEY_UILaunchScreen_Generation = YES;
				INFOPLIST_KEY_UISupportedInterfaceOrientations_iPad = "UIInterfaceOrientationPortrait UIInterfaceOrientationPortraitUpsideDown UIInterfaceOrientationLandscapeLeft UIInterfaceOrientationLandscapeRight";
				INFOPLIST_KEY_UISupportedInterfaceOrientations_iPhone = "UIInterfaceOrientationPortrait UIInterfaceOrientationLandscapeLeft UIInterfaceOrientationLandscapeRight";
				LD_RUNPATH_SEARCH_PATHS = (
					"$(inherited)",
					"@executable_path/Frameworks",
				);
				MARKETING_VERSION = 1.0;
				PRODUCT_BUNDLE_IDENTIFIER = com.Cahnev.OurFitnessPal;
				PRODUCT_NAME = "$(TARGET_NAME)";
				SWIFT_EMIT_LOC_STRINGS = YES;
				SWIFT_VERSION = 5.0;
				TARGETED_DEVICE_FAMILY = "1,2";
			};
			name = Debug;
		};
		862C5B922DA6EE8F00C90775 /* Release */ = {
			isa = XCBuildConfiguration;
			buildSettings = {
				ASSETCATALOG_COMPILER_APPICON_NAME = AppIcon;
				ASSETCATALOG_COMPILER_GLOBAL_ACCENT_COLOR_NAME = AccentColor;
				CODE_SIGN_STYLE = Automatic;
				CURRENT_PROJECT_VERSION = 1;
				DEVELOPMENT_ASSET_PATHS = "\"OurFitnessPal/Preview Content\"";
				DEVELOPMENT_TEAM = GN8NLUX3TV;
				ENABLE_PREVIEWS = YES;
				GENERATE_INFOPLIST_FILE = YES;
				INFOPLIST_KEY_UIApplicationSceneManifest_Generation = YES;
				INFOPLIST_KEY_UIApplicationSupportsIndirectInputEvents = YES;
				INFOPLIST_KEY_UILaunchScreen_Generation = YES;
				INFOPLIST_KEY_UISupportedInterfaceOrientations_iPad = "UIInterfaceOrientationPortrait UIInterfaceOrientationPortraitUpsideDown UIInterfaceOrientationLandscapeLeft UIInterfaceOrientationLandscapeRight";
				INFOPLIST_KEY_UISupportedInterfaceOrientations_iPhone = "UIInterfaceOrientationPortrait UIInterfaceOrientationLandscapeLeft UIInterfaceOrientationLandscapeRight";
				LD_RUNPATH_SEARCH_PATHS = (
					"$(inherited)",
					"@executable_path/Frameworks",
				);
				MARKETING_VERSION = 1.0;
				PRODUCT_BUNDLE_IDENTIFIER = com.Cahnev.OurFitnessPal;
				PRODUCT_NAME = "$(TARGET_NAME)";
				SWIFT_EMIT_LOC_STRINGS = YES;
				SWIFT_VERSION = 5.0;
				TARGETED_DEVICE_FAMILY = "1,2";
			};
			name = Release;
		};
/* End XCBuildConfiguration section */

/* Begin XCConfigurationList section */
		862C5B7D2DA6EE8E00C90775 /* Build configuration list for PBXProject "OurFitnessPal" */ = {
			isa = XCConfigurationList;
			buildConfigurations = (
				862C5B8E2DA6EE8F00C90775 /* Debug */,
				862C5B8F2DA6EE8F00C90775 /* Release */,
			);
			defaultConfigurationIsVisible = 0;
			defaultConfigurationName = Release;
		};
		862C5B902DA6EE8F00C90775 /* Build configuration list for PBXNativeTarget "OurFitnessPal" */ = {
			isa = XCConfigurationList;
			buildConfigurations = (
				862C5B912DA6EE8F00C90775 /* Debug */,
				862C5B922DA6EE8F00C90775 /* Release */,
			);
			defaultConfigurationIsVisible = 0;
			defaultConfigurationName = Release;
		};
/* End XCConfigurationList section */
	};
	rootObject = 862C5B7A2DA6EE8E00C90775 /* Project object */;
}
